
Microsoft Visual Studio Solution File, Format Version 12.00
# Visual Studio Version 17
VisualStudioVersion = 17.1.32228.430
MinimumVisualStudioVersion = 10.0.40219.1
Project("{9A19103F-16F7-4668-BE54-9A1E7A4F7556}") = "BotBasicMessages", "BotBasicMessages\BotBasicMessages.csproj", "{FDB020C7-292D-424B-9787-0A2D7E6CEC5F}"
EndProject
Project("{9A19103F-16F7-4668-BE54-9A1E7A4F7556}") = "BotLibrary", "BotLibrary\BotLibrary.csproj", "{332EFD8C-07EA-42DF-99C9-C7758499920D}"
EndProject
Project("{9A19103F-16F7-4668-BE54-9A1E7A4F7556}") = "BotBroadcaster", "BotBroadcaster\BotBroadcaster.csproj", "{867FA035-433B-4E62-BEBA-256F2FBBB553}"
EndProject
Project("{2150E333-8FDC-42A3-9474-1A3956D46DE8}") = "Solution Items", "Solution Items", "{7164E40E-D061-4BEC-82F2-CBA125356BD7}"
	ProjectSection(SolutionItems) = preProject
		README.md = README.md
	EndProjectSection
EndProject
Project("{9A19103F-16F7-4668-BE54-9A1E7A4F7556}") = "Common", "..\Common\Common.csproj", "{745F6FF0-7CEC-4FD3-B74A-272F7C17A409}"
EndProject
Global
	GlobalSection(SolutionConfigurationPlatforms) = preSolution
		Debug|Any CPU = Debug|Any CPU
		Release|Any CPU = Release|Any CPU
	EndGlobalSection
	GlobalSection(ProjectConfigurationPlatforms) = postSolution
		{FDB020C7-292D-424B-9787-0A2D7E6CEC5F}.Debug|Any CPU.ActiveCfg = Debug|Any CPU
		{FDB020C7-292D-424B-9787-0A2D7E6CEC5F}.Debug|Any CPU.Build.0 = Debug|Any CPU
		{FDB020C7-292D-424B-9787-0A2D7E6CEC5F}.Release|Any CPU.ActiveCfg = Release|Any CPU
		{FDB020C7-292D-424B-9787-0A2D7E6CEC5F}.Release|Any CPU.Build.0 = Release|Any CPU
		{332EFD8C-07EA-42DF-99C9-C7758499920D}.Debug|Any CPU.ActiveCfg = Debug|Any CPU
		{332EFD8C-07EA-42DF-99C9-C7758499920D}.Debug|Any CPU.Build.0 = Debug|Any CPU
		{332EFD8C-07EA-42DF-99C9-C7758499920D}.Release|Any CPU.ActiveCfg = Release|Any CPU
		{332EFD8C-07EA-42DF-99C9-C7758499920D}.Release|Any CPU.Build.0 = Release|Any CPU
		{867FA035-433B-4E62-BEBA-256F2FBBB553}.Debug|Any CPU.ActiveCfg = Debug|Any CPU
		{867FA035-433B-4E62-BEBA-256F2FBBB553}.Debug|Any CPU.Build.0 = Debug|Any CPU
		{867FA035-433B-4E62-BEBA-256F2FBBB553}.Release|Any CPU.ActiveCfg = Release|Any CPU
		{867FA035-433B-4E62-BEBA-256F2FBBB553}.Release|Any CPU.Build.0 = Release|Any CPU
		{745F6FF0-7CEC-4FD3-B74A-272F7C17A409}.Debug|Any CPU.ActiveCfg = Debug|Any CPU
		{745F6FF0-7CEC-4FD3-B74A-272F7C17A409}.Debug|Any CPU.Build.0 = Debug|Any CPU
		{745F6FF0-7CEC-4FD3-B74A-272F7C17A409}.Release|Any CPU.ActiveCfg = Release|Any CPU
		{745F6FF0-7CEC-4FD3-B74A-272F7C17A409}.Release|Any CPU.Build.0 = Release|Any CPU
	EndGlobalSection
	GlobalSection(SolutionProperties) = preSolution
		HideSolutionNode = FALSE
	EndGlobalSection
	GlobalSection(ExtensibilityGlobals) = postSolution
		SolutionGuid = {7DAD14EC-0993-4D62-B0A9-B398FD26ECA7}
	EndGlobalSection
EndGlobal
