
Microsoft Visual Studio Solution File, Format Version 12.00
# Visual Studio Version 17
VisualStudioVersion = 17.1.32228.430
MinimumVisualStudioVersion = 10.0.40219.1
Project("{FAE04EC0-301F-11D3-BF4B-00C04F79EFBC}") = "SampleChannels", "SampleChannels.csproj", "{08F28D36-C9A7-436F-8D89-B8FCE4EA950A}"
EndProject
Global
	GlobalSection(SolutionConfigurationPlatforms) = preSolution
		Debug|Any CPU = Debug|Any CPU
		Release|Any CPU = Release|Any CPU
	EndGlobalSection
	GlobalSection(ProjectConfigurationPlatforms) = postSolution
		{08F28D36-C9A7-436F-8D89-B8FCE4EA950A}.Debug|Any CPU.ActiveCfg = Debug|Any CPU
		{08F28D36-C9A7-436F-8D89-B8FCE4EA950A}.Debug|Any CPU.Build.0 = Debug|Any CPU
		{08F28D36-C9A7-436F-8D89-B8FCE4EA950A}.Release|Any CPU.ActiveCfg = Release|Any CPU
		{08F28D36-C9A7-436F-8D89-B8FCE4EA950A}.Release|Any CPU.Build.0 = Release|Any CPU
	EndGlobalSection
	GlobalSection(SolutionProperties) = preSolution
		HideSolutionNode = FALSE
	EndGlobalSection
	GlobalSection(ExtensibilityGlobals) = postSolution
		SolutionGuid = {4DC71F9F-1CD8-44C7-858D-6D9D25221C73}
	EndGlobalSection
EndGlobal
