
Microsoft Visual Studio Solution File, Format Version 12.00
# Visual Studio Version 17
VisualStudioVersion = 17.8.34511.84
MinimumVisualStudioVersion = 10.0.40219.1
Project("{9A19103F-16F7-4668-BE54-9A1E7A4F7556}") = "TerminalAppLogin", "TerminalAppLogin\TerminalAppLogin.csproj", "{C91B2598-C91D-4FBB-9B48-25694BBF4D82}"
EndProject
Project("{9A19103F-16F7-4668-BE54-9A1E7A4F7556}") = "TerminalAppLibrary", "TerminalAppLibrary\TerminalAppLibrary.csproj", "{5AE34B0A-C185-42BE-B121-9FCF5C83852D}"
EndProject
Project("{9A19103F-16F7-4668-BE54-9A1E7A4F7556}") = "TerminalAppLoginSplittedView", "TerminalAppLoginSplittedView\TerminalAppLoginSplittedView.csproj", "{3B0D4EF0-FE1F-456E-A648-906335958A32}"
EndProject
Project("{9A19103F-16F7-4668-BE54-9A1E7A4F7556}") = "TerminalAppPresencePanel", "TerminalAppPresencePanel\TerminalAppPresencePanel.csproj", "{DD92A69B-D846-4F35-B2CC-E43397D6802F}"
EndProject
Project("{2150E333-8FDC-42A3-9474-1A3956D46DE8}") = "Solution Items", "Solution Items", "{26E90808-687B-4011-9FCF-22404E5CA452}"
	ProjectSection(SolutionItems) = preProject
		README.md = README.md
	EndProjectSection
EndProject
Project("{9A19103F-16F7-4668-BE54-9A1E7A4F7556}") = "TerminalAppS2SPresencePanel", "TerminalAppS2SPresencePanel\TerminalAppS2SPresencePanel.csproj", "{58BFDB70-3725-42F8-9CBF-66AF15B5090B}"
EndProject
Global
	GlobalSection(SolutionConfigurationPlatforms) = preSolution
		Debug|Any CPU = Debug|Any CPU
		Release|Any CPU = Release|Any CPU
	EndGlobalSection
	GlobalSection(ProjectConfigurationPlatforms) = postSolution
		{C91B2598-C91D-4FBB-9B48-25694BBF4D82}.Debug|Any CPU.ActiveCfg = Debug|Any CPU
		{C91B2598-C91D-4FBB-9B48-25694BBF4D82}.Debug|Any CPU.Build.0 = Debug|Any CPU
		{C91B2598-C91D-4FBB-9B48-25694BBF4D82}.Release|Any CPU.ActiveCfg = Release|Any CPU
		{C91B2598-C91D-4FBB-9B48-25694BBF4D82}.Release|Any CPU.Build.0 = Release|Any CPU
		{5AE34B0A-C185-42BE-B121-9FCF5C83852D}.Debug|Any CPU.ActiveCfg = Debug|Any CPU
		{5AE34B0A-C185-42BE-B121-9FCF5C83852D}.Debug|Any CPU.Build.0 = Debug|Any CPU
		{5AE34B0A-C185-42BE-B121-9FCF5C83852D}.Release|Any CPU.ActiveCfg = Release|Any CPU
		{5AE34B0A-C185-42BE-B121-9FCF5C83852D}.Release|Any CPU.Build.0 = Release|Any CPU
		{3B0D4EF0-FE1F-456E-A648-906335958A32}.Debug|Any CPU.ActiveCfg = Debug|Any CPU
		{3B0D4EF0-FE1F-456E-A648-906335958A32}.Debug|Any CPU.Build.0 = Debug|Any CPU
		{3B0D4EF0-FE1F-456E-A648-906335958A32}.Release|Any CPU.ActiveCfg = Release|Any CPU
		{3B0D4EF0-FE1F-456E-A648-906335958A32}.Release|Any CPU.Build.0 = Release|Any CPU
		{DD92A69B-D846-4F35-B2CC-E43397D6802F}.Debug|Any CPU.ActiveCfg = Debug|Any CPU
		{DD92A69B-D846-4F35-B2CC-E43397D6802F}.Debug|Any CPU.Build.0 = Debug|Any CPU
		{DD92A69B-D846-4F35-B2CC-E43397D6802F}.Release|Any CPU.ActiveCfg = Release|Any CPU
		{DD92A69B-D846-4F35-B2CC-E43397D6802F}.Release|Any CPU.Build.0 = Release|Any CPU
		{58BFDB70-3725-42F8-9CBF-66AF15B5090B}.Debug|Any CPU.ActiveCfg = Debug|Any CPU
		{58BFDB70-3725-42F8-9CBF-66AF15B5090B}.Debug|Any CPU.Build.0 = Debug|Any CPU
		{58BFDB70-3725-42F8-9CBF-66AF15B5090B}.Release|Any CPU.ActiveCfg = Release|Any CPU
		{58BFDB70-3725-42F8-9CBF-66AF15B5090B}.Release|Any CPU.Build.0 = Release|Any CPU
	EndGlobalSection
	GlobalSection(SolutionProperties) = preSolution
		HideSolutionNode = FALSE
	EndGlobalSection
	GlobalSection(ExtensibilityGlobals) = postSolution
		SolutionGuid = {FB1CC3EE-3B4B-4A73-A6BC-0A45991E2C7F}
	EndGlobalSection
EndGlobal
