
Microsoft Visual Studio Solution File, Format Version 12.00
# Visual Studio Version 17
VisualStudioVersion = 17.8.34511.84
MinimumVisualStudioVersion = 10.0.40219.1
Project("{FAE04EC0-301F-11D3-BF4B-00C04F79EFBC}") = "Login with OAuth", "Login with OAuth.csproj", "{F7D4FE32-80DF-41CB-9DC6-0111F560386C}"
EndProject
Global
	GlobalSection(SolutionConfigurationPlatforms) = preSolution
		Debug|Any CPU = Debug|Any CPU
		Release|Any CPU = Release|Any CPU
	EndGlobalSection
	GlobalSection(ProjectConfigurationPlatforms) = postSolution
		{F7D4FE32-80DF-41CB-9DC6-0111F560386C}.Debug|Any CPU.ActiveCfg = Debug|Any CPU
		{F7D4FE32-80DF-41CB-9DC6-0111F560386C}.Debug|Any CPU.Build.0 = Debug|Any CPU
		{F7D4FE32-80DF-41CB-9DC6-0111F560386C}.Release|Any CPU.ActiveCfg = Release|Any CPU
		{F7D4FE32-80DF-41CB-9DC6-0111F560386C}.Release|Any CPU.Build.0 = Release|Any CPU
	EndGlobalSection
	GlobalSection(SolutionProperties) = preSolution
		HideSolutionNode = FALSE
	EndGlobalSection
	GlobalSection(ExtensibilityGlobals) = postSolution
		SolutionGuid = {AC84DA88-EEE6-49FC-8ED1-6DC49A2A35A7}
	EndGlobalSection
EndGlobal
