
Microsoft Visual Studio Solution File, Format Version 12.00
# Visual Studio Version 17
VisualStudioVersion = 17.3.32819.101
MinimumVisualStudioVersion = 10.0.40219.1
Project("{9A19103F-16F7-4668-BE54-9A1E7A4F7556}") = "SDK.UIForm.WebRTC", "SDK.UIForm.WebRTC.csproj", "{6C780A76-CE97-44B2-8E3D-65D4053B1B01}"
EndProject
Global
	GlobalSection(SolutionConfigurationPlatforms) = preSolution
		Debug|Any CPU = Debug|Any CPU
		Release|Any CPU = Release|Any CPU
	EndGlobalSection
	GlobalSection(ProjectConfigurationPlatforms) = postSolution
		{6C780A76-CE97-44B2-8E3D-65D4053B1B01}.Debug|Any CPU.ActiveCfg = Debug|Any CPU
		{6C780A76-CE97-44B2-8E3D-65D4053B1B01}.Debug|Any CPU.Build.0 = Debug|Any CPU
		{6C780A76-CE97-44B2-8E3D-65D4053B1B01}.Release|Any CPU.ActiveCfg = Release|Any CPU
		{6C780A76-CE97-44B2-8E3D-65D4053B1B01}.Release|Any CPU.Build.0 = Release|Any CPU
	EndGlobalSection
	GlobalSection(SolutionProperties) = preSolution
		HideSolutionNode = FALSE
	EndGlobalSection
	GlobalSection(ExtensibilityGlobals) = postSolution
		SolutionGuid = {3C2D7F35-F48B-4C5B-825B-9C51AF1CF5C1}
	EndGlobalSection
EndGlobal
