
Microsoft Visual Studio Solution File, Format Version 12.00
# Visual Studio Version 16
VisualStudioVersion = 16.0.31229.75
MinimumVisualStudioVersion = 10.0.40219.1
Project("{9A19103F-16F7-4668-BE54-9A1E7A4F7556}") = "MassProvisioning", "MassProvisioning.csproj", "{E7AE19BB-9587-4923-8B8E-986ABA0808C2}"
EndProject
Global
	GlobalSection(SolutionConfigurationPlatforms) = preSolution
		Debug|Any CPU = Debug|Any CPU
		Release|Any CPU = Release|Any CPU
	EndGlobalSection
	GlobalSection(ProjectConfigurationPlatforms) = postSolution
		{E7AE19BB-9587-4923-8B8E-986ABA0808C2}.Debug|Any CPU.ActiveCfg = Debug|Any CPU
		{E7AE19BB-9587-4923-8B8E-986ABA0808C2}.Debug|Any CPU.Build.0 = Debug|Any CPU
		{E7AE19BB-9587-4923-8B8E-986ABA0808C2}.Release|Any CPU.ActiveCfg = Release|Any CPU
		{E7AE19BB-9587-4923-8B8E-986ABA0808C2}.Release|Any CPU.Build.0 = Release|Any CPU
	EndGlobalSection
	GlobalSection(SolutionProperties) = preSolution
		HideSolutionNode = FALSE
	EndGlobalSection
	GlobalSection(ExtensibilityGlobals) = postSolution
		SolutionGuid = {B309B34C-ECD7-405B-9B04-7AC7E8358768}
	EndGlobalSection
EndGlobal
