
Microsoft Visual Studio Solution File, Format Version 12.00
# Visual Studio Version 17
VisualStudioVersion = 17.8.34511.84
MinimumVisualStudioVersion = 10.0.40219.1
Project("{9A19103F-16F7-4668-BE54-9A1E7A4F7556}") = "ConsoleWebRTC", "ConsoleWebRTC.csproj", "{A959C527-2080-4580-A7E5-8894F92D134B}"
EndProject
Global
	GlobalSection(SolutionConfigurationPlatforms) = preSolution
		Debug|Any CPU = Debug|Any CPU
		Release|Any CPU = Release|Any CPU
	EndGlobalSection
	GlobalSection(ProjectConfigurationPlatforms) = postSolution
		{A959C527-2080-4580-A7E5-8894F92D134B}.Debug|Any CPU.ActiveCfg = Debug|Any CPU
		{A959C527-2080-4580-A7E5-8894F92D134B}.Debug|Any CPU.Build.0 = Debug|Any CPU
		{A959C527-2080-4580-A7E5-8894F92D134B}.Release|Any CPU.ActiveCfg = Release|Any CPU
		{A959C527-2080-4580-A7E5-8894F92D134B}.Release|Any CPU.Build.0 = Release|Any CPU
	EndGlobalSection
	GlobalSection(SolutionProperties) = preSolution
		HideSolutionNode = FALSE
	EndGlobalSection
	GlobalSection(ExtensibilityGlobals) = postSolution
		SolutionGuid = {C9F1822F-1D9E-4A6A-8764-100E81242B1E}
	EndGlobalSection
EndGlobal
