
Microsoft Visual Studio Solution File, Format Version 12.00
# Visual Studio Version 16
VisualStudioVersion = 16.0.31205.134
MinimumVisualStudioVersion = 10.0.40219.1
Project("{FAE04EC0-301F-11D3-BF4B-00C04F79EFBC}") = "MultiPlatformApplication.UWP", "MultiPlatformApplication.UWP\MultiPlatformApplication.UWP.csproj", "{AD4BF81A-64D5-4CE0-B740-B27B401CC017}"
EndProject
Project("{FAE04EC0-301F-11D3-BF4B-00C04F79EFBC}") = "MultiPlatformApplication.Android", "MultiPlatformApplication.Android\MultiPlatformApplication.Android.csproj", "{CB242516-A3F3-4E2D-AAA3-55ACA001F348}"
EndProject
Project("{FAE04EC0-301F-11D3-BF4B-00C04F79EFBC}") = "MultiPlatformApplication.iOS", "MultiPlatformApplication.iOS\MultiPlatformApplication.iOS.csproj", "{3C5DD134-0BEC-41B7-BC2D-1D5EAFC42B56}"
EndProject
Project("{FAE04EC0-301F-11D3-BF4B-00C04F79EFBC}") = "MultiPlatformApplication", "MultiPlatformApplication\MultiPlatformApplication.csproj", "{BD05B6D4-E451-4B25-A6F7-9DD678208904}"
EndProject
Project("{FAE04EC0-301F-11D3-BF4B-00C04F79EFBC}") = "MultiPlatformApplication.WPF", "MultiPlatformApplication.WPF\MultiPlatformApplication.WPF.csproj", "{72239537-A720-410E-9809-B1C1C6AD717F}"
	ProjectSection(ProjectDependencies) = postProject
		{BD05B6D4-E451-4B25-A6F7-9DD678208904} = {BD05B6D4-E451-4B25-A6F7-9DD678208904}
	EndProjectSection
EndProject
Global
	GlobalSection(SolutionConfigurationPlatforms) = preSolution
		Debug|Any CPU = Debug|Any CPU
		Debug|ARM = Debug|ARM
		Debug|iPhone = Debug|iPhone
		Debug|iPhoneSimulator = Debug|iPhoneSimulator
		Debug|x64 = Debug|x64
		Debug|x86 = Debug|x86
		Release|Any CPU = Release|Any CPU
		Release|ARM = Release|ARM
		Release|iPhone = Release|iPhone
		Release|iPhoneSimulator = Release|iPhoneSimulator
		Release|x64 = Release|x64
		Release|x86 = Release|x86
	EndGlobalSection
	GlobalSection(ProjectConfigurationPlatforms) = postSolution
		{AD4BF81A-64D5-4CE0-B740-B27B401CC017}.Debug|Any CPU.ActiveCfg = Debug|x86
		{AD4BF81A-64D5-4CE0-B740-B27B401CC017}.Debug|Any CPU.Build.0 = Debug|x86
		{AD4BF81A-64D5-4CE0-B740-B27B401CC017}.Debug|Any CPU.Deploy.0 = Debug|x86
		{AD4BF81A-64D5-4CE0-B740-B27B401CC017}.Debug|ARM.ActiveCfg = Debug|ARM
		{AD4BF81A-64D5-4CE0-B740-B27B401CC017}.Debug|ARM.Build.0 = Debug|ARM
		{AD4BF81A-64D5-4CE0-B740-B27B401CC017}.Debug|ARM.Deploy.0 = Debug|ARM
		{AD4BF81A-64D5-4CE0-B740-B27B401CC017}.Debug|iPhone.ActiveCfg = Debug|x86
		{AD4BF81A-64D5-4CE0-B740-B27B401CC017}.Debug|iPhone.Build.0 = Debug|x86
		{AD4BF81A-64D5-4CE0-B740-B27B401CC017}.Debug|iPhone.Deploy.0 = Debug|x86
		{AD4BF81A-64D5-4CE0-B740-B27B401CC017}.Debug|iPhoneSimulator.ActiveCfg = Debug|x86
		{AD4BF81A-64D5-4CE0-B740-B27B401CC017}.Debug|iPhoneSimulator.Build.0 = Debug|x86
		{AD4BF81A-64D5-4CE0-B740-B27B401CC017}.Debug|iPhoneSimulator.Deploy.0 = Debug|x86
		{AD4BF81A-64D5-4CE0-B740-B27B401CC017}.Debug|x64.ActiveCfg = Debug|x64
		{AD4BF81A-64D5-4CE0-B740-B27B401CC017}.Debug|x64.Build.0 = Debug|x64
		{AD4BF81A-64D5-4CE0-B740-B27B401CC017}.Debug|x64.Deploy.0 = Debug|x64
		{AD4BF81A-64D5-4CE0-B740-B27B401CC017}.Debug|x86.ActiveCfg = Debug|x86
		{AD4BF81A-64D5-4CE0-B740-B27B401CC017}.Debug|x86.Build.0 = Debug|x86
		{AD4BF81A-64D5-4CE0-B740-B27B401CC017}.Debug|x86.Deploy.0 = Debug|x86
		{AD4BF81A-64D5-4CE0-B740-B27B401CC017}.Release|Any CPU.ActiveCfg = Release|x86
		{AD4BF81A-64D5-4CE0-B740-B27B401CC017}.Release|Any CPU.Build.0 = Release|x86
		{AD4BF81A-64D5-4CE0-B740-B27B401CC017}.Release|Any CPU.Deploy.0 = Release|x86
		{AD4BF81A-64D5-4CE0-B740-B27B401CC017}.Release|ARM.ActiveCfg = Release|ARM
		{AD4BF81A-64D5-4CE0-B740-B27B401CC017}.Release|ARM.Build.0 = Release|ARM
		{AD4BF81A-64D5-4CE0-B740-B27B401CC017}.Release|ARM.Deploy.0 = Release|ARM
		{AD4BF81A-64D5-4CE0-B740-B27B401CC017}.Release|iPhone.ActiveCfg = Release|x86
		{AD4BF81A-64D5-4CE0-B740-B27B401CC017}.Release|iPhone.Build.0 = Release|x86
		{AD4BF81A-64D5-4CE0-B740-B27B401CC017}.Release|iPhone.Deploy.0 = Release|x86
		{AD4BF81A-64D5-4CE0-B740-B27B401CC017}.Release|iPhoneSimulator.ActiveCfg = Release|x86
		{AD4BF81A-64D5-4CE0-B740-B27B401CC017}.Release|iPhoneSimulator.Build.0 = Release|x86
		{AD4BF81A-64D5-4CE0-B740-B27B401CC017}.Release|iPhoneSimulator.Deploy.0 = Release|x86
		{AD4BF81A-64D5-4CE0-B740-B27B401CC017}.Release|x64.ActiveCfg = Release|x64
		{AD4BF81A-64D5-4CE0-B740-B27B401CC017}.Release|x64.Build.0 = Release|x64
		{AD4BF81A-64D5-4CE0-B740-B27B401CC017}.Release|x64.Deploy.0 = Release|x64
		{AD4BF81A-64D5-4CE0-B740-B27B401CC017}.Release|x86.ActiveCfg = Release|x86
		{AD4BF81A-64D5-4CE0-B740-B27B401CC017}.Release|x86.Build.0 = Release|x86
		{AD4BF81A-64D5-4CE0-B740-B27B401CC017}.Release|x86.Deploy.0 = Release|x86
		{CB242516-A3F3-4E2D-AAA3-55ACA001F348}.Debug|Any CPU.ActiveCfg = Debug|Any CPU
		{CB242516-A3F3-4E2D-AAA3-55ACA001F348}.Debug|Any CPU.Build.0 = Debug|Any CPU
		{CB242516-A3F3-4E2D-AAA3-55ACA001F348}.Debug|Any CPU.Deploy.0 = Debug|Any CPU
		{CB242516-A3F3-4E2D-AAA3-55ACA001F348}.Debug|ARM.ActiveCfg = Debug|Any CPU
		{CB242516-A3F3-4E2D-AAA3-55ACA001F348}.Debug|ARM.Build.0 = Debug|Any CPU
		{CB242516-A3F3-4E2D-AAA3-55ACA001F348}.Debug|ARM.Deploy.0 = Debug|Any CPU
		{CB242516-A3F3-4E2D-AAA3-55ACA001F348}.Debug|iPhone.ActiveCfg = Debug|Any CPU
		{CB242516-A3F3-4E2D-AAA3-55ACA001F348}.Debug|iPhone.Build.0 = Debug|Any CPU
		{CB242516-A3F3-4E2D-AAA3-55ACA001F348}.Debug|iPhone.Deploy.0 = Debug|Any CPU
		{CB242516-A3F3-4E2D-AAA3-55ACA001F348}.Debug|iPhoneSimulator.ActiveCfg = Debug|Any CPU
		{CB242516-A3F3-4E2D-AAA3-55ACA001F348}.Debug|iPhoneSimulator.Build.0 = Debug|Any CPU
		{CB242516-A3F3-4E2D-AAA3-55ACA001F348}.Debug|iPhoneSimulator.Deploy.0 = Debug|Any CPU
		{CB242516-A3F3-4E2D-AAA3-55ACA001F348}.Debug|x64.ActiveCfg = Debug|Any CPU
		{CB242516-A3F3-4E2D-AAA3-55ACA001F348}.Debug|x64.Build.0 = Debug|Any CPU
		{CB242516-A3F3-4E2D-AAA3-55ACA001F348}.Debug|x64.Deploy.0 = Debug|Any CPU
		{CB242516-A3F3-4E2D-AAA3-55ACA001F348}.Debug|x86.ActiveCfg = Debug|Any CPU
		{CB242516-A3F3-4E2D-AAA3-55ACA001F348}.Debug|x86.Build.0 = Debug|Any CPU
		{CB242516-A3F3-4E2D-AAA3-55ACA001F348}.Debug|x86.Deploy.0 = Debug|Any CPU
		{CB242516-A3F3-4E2D-AAA3-55ACA001F348}.Release|Any CPU.ActiveCfg = Release|Any CPU
		{CB242516-A3F3-4E2D-AAA3-55ACA001F348}.Release|Any CPU.Build.0 = Release|Any CPU
		{CB242516-A3F3-4E2D-AAA3-55ACA001F348}.Release|Any CPU.Deploy.0 = Release|Any CPU
		{CB242516-A3F3-4E2D-AAA3-55ACA001F348}.Release|ARM.ActiveCfg = Release|Any CPU
		{CB242516-A3F3-4E2D-AAA3-55ACA001F348}.Release|ARM.Build.0 = Release|Any CPU
		{CB242516-A3F3-4E2D-AAA3-55ACA001F348}.Release|ARM.Deploy.0 = Release|Any CPU
		{CB242516-A3F3-4E2D-AAA3-55ACA001F348}.Release|iPhone.ActiveCfg = Release|Any CPU
		{CB242516-A3F3-4E2D-AAA3-55ACA001F348}.Release|iPhone.Build.0 = Release|Any CPU
		{CB242516-A3F3-4E2D-AAA3-55ACA001F348}.Release|iPhone.Deploy.0 = Release|Any CPU
		{CB242516-A3F3-4E2D-AAA3-55ACA001F348}.Release|iPhoneSimulator.ActiveCfg = Release|Any CPU
		{CB242516-A3F3-4E2D-AAA3-55ACA001F348}.Release|iPhoneSimulator.Build.0 = Release|Any CPU
		{CB242516-A3F3-4E2D-AAA3-55ACA001F348}.Release|iPhoneSimulator.Deploy.0 = Release|Any CPU
		{CB242516-A3F3-4E2D-AAA3-55ACA001F348}.Release|x64.ActiveCfg = Release|Any CPU
		{CB242516-A3F3-4E2D-AAA3-55ACA001F348}.Release|x64.Build.0 = Release|Any CPU
		{CB242516-A3F3-4E2D-AAA3-55ACA001F348}.Release|x64.Deploy.0 = Release|Any CPU
		{CB242516-A3F3-4E2D-AAA3-55ACA001F348}.Release|x86.ActiveCfg = Release|Any CPU
		{CB242516-A3F3-4E2D-AAA3-55ACA001F348}.Release|x86.Build.0 = Release|Any CPU
		{CB242516-A3F3-4E2D-AAA3-55ACA001F348}.Release|x86.Deploy.0 = Release|Any CPU
		{3C5DD134-0BEC-41B7-BC2D-1D5EAFC42B56}.Debug|Any CPU.ActiveCfg = Debug|iPhoneSimulator
		{3C5DD134-0BEC-41B7-BC2D-1D5EAFC42B56}.Debug|Any CPU.Build.0 = Debug|iPhoneSimulator
		{3C5DD134-0BEC-41B7-BC2D-1D5EAFC42B56}.Debug|Any CPU.Deploy.0 = Debug|iPhoneSimulator
		{3C5DD134-0BEC-41B7-BC2D-1D5EAFC42B56}.Debug|ARM.ActiveCfg = Debug|iPhone
		{3C5DD134-0BEC-41B7-BC2D-1D5EAFC42B56}.Debug|ARM.Build.0 = Debug|iPhone
		{3C5DD134-0BEC-41B7-BC2D-1D5EAFC42B56}.Debug|ARM.Deploy.0 = Debug|iPhone
		{3C5DD134-0BEC-41B7-BC2D-1D5EAFC42B56}.Debug|iPhone.ActiveCfg = Debug|iPhone
		{3C5DD134-0BEC-41B7-BC2D-1D5EAFC42B56}.Debug|iPhone.Build.0 = Debug|iPhone
		{3C5DD134-0BEC-41B7-BC2D-1D5EAFC42B56}.Debug|iPhone.Deploy.0 = Debug|iPhone
		{3C5DD134-0BEC-41B7-BC2D-1D5EAFC42B56}.Debug|iPhoneSimulator.ActiveCfg = Debug|iPhoneSimulator
		{3C5DD134-0BEC-41B7-BC2D-1D5EAFC42B56}.Debug|iPhoneSimulator.Build.0 = Debug|iPhoneSimulator
		{3C5DD134-0BEC-41B7-BC2D-1D5EAFC42B56}.Debug|iPhoneSimulator.Deploy.0 = Debug|iPhoneSimulator
		{3C5DD134-0BEC-41B7-BC2D-1D5EAFC42B56}.Debug|x64.ActiveCfg = Debug|iPhoneSimulator
		{3C5DD134-0BEC-41B7-BC2D-1D5EAFC42B56}.Debug|x64.Build.0 = Debug|iPhoneSimulator
		{3C5DD134-0BEC-41B7-BC2D-1D5EAFC42B56}.Debug|x64.Deploy.0 = Debug|iPhoneSimulator
		{3C5DD134-0BEC-41B7-BC2D-1D5EAFC42B56}.Debug|x86.ActiveCfg = Debug|iPhoneSimulator
		{3C5DD134-0BEC-41B7-BC2D-1D5EAFC42B56}.Debug|x86.Build.0 = Debug|iPhoneSimulator
		{3C5DD134-0BEC-41B7-BC2D-1D5EAFC42B56}.Debug|x86.Deploy.0 = Debug|iPhoneSimulator
		{3C5DD134-0BEC-41B7-BC2D-1D5EAFC42B56}.Release|Any CPU.ActiveCfg = Release|iPhoneSimulator
		{3C5DD134-0BEC-41B7-BC2D-1D5EAFC42B56}.Release|Any CPU.Build.0 = Release|iPhoneSimulator
		{3C5DD134-0BEC-41B7-BC2D-1D5EAFC42B56}.Release|Any CPU.Deploy.0 = Release|iPhoneSimulator
		{3C5DD134-0BEC-41B7-BC2D-1D5EAFC42B56}.Release|ARM.ActiveCfg = Release|iPhoneSimulator
		{3C5DD134-0BEC-41B7-BC2D-1D5EAFC42B56}.Release|ARM.Build.0 = Release|iPhoneSimulator
		{3C5DD134-0BEC-41B7-BC2D-1D5EAFC42B56}.Release|ARM.Deploy.0 = Release|iPhoneSimulator
		{3C5DD134-0BEC-41B7-BC2D-1D5EAFC42B56}.Release|iPhone.ActiveCfg = Release|iPhone
		{3C5DD134-0BEC-41B7-BC2D-1D5EAFC42B56}.Release|iPhone.Build.0 = Release|iPhone
		{3C5DD134-0BEC-41B7-BC2D-1D5EAFC42B56}.Release|iPhone.Deploy.0 = Release|iPhone
		{3C5DD134-0BEC-41B7-BC2D-1D5EAFC42B56}.Release|iPhoneSimulator.ActiveCfg = Release|iPhoneSimulator
		{3C5DD134-0BEC-41B7-BC2D-1D5EAFC42B56}.Release|iPhoneSimulator.Build.0 = Release|iPhoneSimulator
		{3C5DD134-0BEC-41B7-BC2D-1D5EAFC42B56}.Release|iPhoneSimulator.Deploy.0 = Release|iPhoneSimulator
		{3C5DD134-0BEC-41B7-BC2D-1D5EAFC42B56}.Release|x64.ActiveCfg = Release|iPhoneSimulator
		{3C5DD134-0BEC-41B7-BC2D-1D5EAFC42B56}.Release|x64.Build.0 = Release|iPhoneSimulator
		{3C5DD134-0BEC-41B7-BC2D-1D5EAFC42B56}.Release|x64.Deploy.0 = Release|iPhoneSimulator
		{3C5DD134-0BEC-41B7-BC2D-1D5EAFC42B56}.Release|x86.ActiveCfg = Release|iPhoneSimulator
		{3C5DD134-0BEC-41B7-BC2D-1D5EAFC42B56}.Release|x86.Build.0 = Release|iPhoneSimulator
		{3C5DD134-0BEC-41B7-BC2D-1D5EAFC42B56}.Release|x86.Deploy.0 = Release|iPhoneSimulator
		{BD05B6D4-E451-4B25-A6F7-9DD678208904}.Debug|Any CPU.ActiveCfg = Debug|Any CPU
		{BD05B6D4-E451-4B25-A6F7-9DD678208904}.Debug|Any CPU.Build.0 = Debug|Any CPU
		{BD05B6D4-E451-4B25-A6F7-9DD678208904}.Debug|Any CPU.Deploy.0 = Debug|Any CPU
		{BD05B6D4-E451-4B25-A6F7-9DD678208904}.Debug|ARM.ActiveCfg = Debug|Any CPU
		{BD05B6D4-E451-4B25-A6F7-9DD678208904}.Debug|ARM.Build.0 = Debug|Any CPU
		{BD05B6D4-E451-4B25-A6F7-9DD678208904}.Debug|ARM.Deploy.0 = Debug|Any CPU
		{BD05B6D4-E451-4B25-A6F7-9DD678208904}.Debug|iPhone.ActiveCfg = Debug|Any CPU
		{BD05B6D4-E451-4B25-A6F7-9DD678208904}.Debug|iPhone.Build.0 = Debug|Any CPU
		{BD05B6D4-E451-4B25-A6F7-9DD678208904}.Debug|iPhone.Deploy.0 = Debug|Any CPU
		{BD05B6D4-E451-4B25-A6F7-9DD678208904}.Debug|iPhoneSimulator.ActiveCfg = Debug|Any CPU
		{BD05B6D4-E451-4B25-A6F7-9DD678208904}.Debug|iPhoneSimulator.Build.0 = Debug|Any CPU
		{BD05B6D4-E451-4B25-A6F7-9DD678208904}.Debug|iPhoneSimulator.Deploy.0 = Debug|Any CPU
		{BD05B6D4-E451-4B25-A6F7-9DD678208904}.Debug|x64.ActiveCfg = Debug|Any CPU
		{BD05B6D4-E451-4B25-A6F7-9DD678208904}.Debug|x64.Build.0 = Debug|Any CPU
		{BD05B6D4-E451-4B25-A6F7-9DD678208904}.Debug|x64.Deploy.0 = Debug|Any CPU
		{BD05B6D4-E451-4B25-A6F7-9DD678208904}.Debug|x86.ActiveCfg = Debug|Any CPU
		{BD05B6D4-E451-4B25-A6F7-9DD678208904}.Debug|x86.Build.0 = Debug|Any CPU
		{BD05B6D4-E451-4B25-A6F7-9DD678208904}.Debug|x86.Deploy.0 = Debug|Any CPU
		{BD05B6D4-E451-4B25-A6F7-9DD678208904}.Release|Any CPU.ActiveCfg = Release|Any CPU
		{BD05B6D4-E451-4B25-A6F7-9DD678208904}.Release|Any CPU.Build.0 = Release|Any CPU
		{BD05B6D4-E451-4B25-A6F7-9DD678208904}.Release|Any CPU.Deploy.0 = Release|Any CPU
		{BD05B6D4-E451-4B25-A6F7-9DD678208904}.Release|ARM.ActiveCfg = Release|Any CPU
		{BD05B6D4-E451-4B25-A6F7-9DD678208904}.Release|ARM.Build.0 = Release|Any CPU
		{BD05B6D4-E451-4B25-A6F7-9DD678208904}.Release|ARM.Deploy.0 = Release|Any CPU
		{BD05B6D4-E451-4B25-A6F7-9DD678208904}.Release|iPhone.ActiveCfg = Release|Any CPU
		{BD05B6D4-E451-4B25-A6F7-9DD678208904}.Release|iPhone.Build.0 = Release|Any CPU
		{BD05B6D4-E451-4B25-A6F7-9DD678208904}.Release|iPhone.Deploy.0 = Release|Any CPU
		{BD05B6D4-E451-4B25-A6F7-9DD678208904}.Release|iPhoneSimulator.ActiveCfg = Release|Any CPU
		{BD05B6D4-E451-4B25-A6F7-9DD678208904}.Release|iPhoneSimulator.Build.0 = Release|Any CPU
		{BD05B6D4-E451-4B25-A6F7-9DD678208904}.Release|iPhoneSimulator.Deploy.0 = Release|Any CPU
		{BD05B6D4-E451-4B25-A6F7-9DD678208904}.Release|x64.ActiveCfg = Release|Any CPU
		{BD05B6D4-E451-4B25-A6F7-9DD678208904}.Release|x64.Build.0 = Release|Any CPU
		{BD05B6D4-E451-4B25-A6F7-9DD678208904}.Release|x64.Deploy.0 = Release|Any CPU
		{BD05B6D4-E451-4B25-A6F7-9DD678208904}.Release|x86.ActiveCfg = Release|Any CPU
		{BD05B6D4-E451-4B25-A6F7-9DD678208904}.Release|x86.Build.0 = Release|Any CPU
		{BD05B6D4-E451-4B25-A6F7-9DD678208904}.Release|x86.Deploy.0 = Release|Any CPU
		{72239537-A720-410E-9809-B1C1C6AD717F}.Debug|Any CPU.ActiveCfg = Debug|Any CPU
		{72239537-A720-410E-9809-B1C1C6AD717F}.Debug|Any CPU.Build.0 = Debug|Any CPU
		{72239537-A720-410E-9809-B1C1C6AD717F}.Debug|ARM.ActiveCfg = Debug|Any CPU
		{72239537-A720-410E-9809-B1C1C6AD717F}.Debug|ARM.Build.0 = Debug|Any CPU
		{72239537-A720-410E-9809-B1C1C6AD717F}.Debug|iPhone.ActiveCfg = Debug|Any CPU
		{72239537-A720-410E-9809-B1C1C6AD717F}.Debug|iPhone.Build.0 = Debug|Any CPU
		{72239537-A720-410E-9809-B1C1C6AD717F}.Debug|iPhoneSimulator.ActiveCfg = Debug|Any CPU
		{72239537-A720-410E-9809-B1C1C6AD717F}.Debug|iPhoneSimulator.Build.0 = Debug|Any CPU
		{72239537-A720-410E-9809-B1C1C6AD717F}.Debug|x64.ActiveCfg = Debug|Any CPU
		{72239537-A720-410E-9809-B1C1C6AD717F}.Debug|x64.Build.0 = Debug|Any CPU
		{72239537-A720-410E-9809-B1C1C6AD717F}.Debug|x86.ActiveCfg = Debug|Any CPU
		{72239537-A720-410E-9809-B1C1C6AD717F}.Debug|x86.Build.0 = Debug|Any CPU
		{72239537-A720-410E-9809-B1C1C6AD717F}.Release|Any CPU.ActiveCfg = Release|Any CPU
		{72239537-A720-410E-9809-B1C1C6AD717F}.Release|Any CPU.Build.0 = Release|Any CPU
		{72239537-A720-410E-9809-B1C1C6AD717F}.Release|ARM.ActiveCfg = Release|Any CPU
		{72239537-A720-410E-9809-B1C1C6AD717F}.Release|ARM.Build.0 = Release|Any CPU
		{72239537-A720-410E-9809-B1C1C6AD717F}.Release|iPhone.ActiveCfg = Release|Any CPU
		{72239537-A720-410E-9809-B1C1C6AD717F}.Release|iPhone.Build.0 = Release|Any CPU
		{72239537-A720-410E-9809-B1C1C6AD717F}.Release|iPhoneSimulator.ActiveCfg = Release|Any CPU
		{72239537-A720-410E-9809-B1C1C6AD717F}.Release|iPhoneSimulator.Build.0 = Release|Any CPU
		{72239537-A720-410E-9809-B1C1C6AD717F}.Release|x64.ActiveCfg = Release|Any CPU
		{72239537-A720-410E-9809-B1C1C6AD717F}.Release|x64.Build.0 = Release|Any CPU
		{72239537-A720-410E-9809-B1C1C6AD717F}.Release|x86.ActiveCfg = Release|Any CPU
		{72239537-A720-410E-9809-B1C1C6AD717F}.Release|x86.Build.0 = Release|Any CPU
	EndGlobalSection
	GlobalSection(SolutionProperties) = preSolution
		HideSolutionNode = FALSE
	EndGlobalSection
	GlobalSection(ExtensibilityGlobals) = postSolution
		SolutionGuid = {47A4643A-87A2-4EB1-9C4F-683A0A8F5E16}
	EndGlobalSection
EndGlobal
